github.com/sashabaranov/go-openai v1.9.5 h1:z1VCMXsfnug+U0ceTTIXr/L26AYl9jafqA9lptlSX0c=
github.com/sashabaranov/go-openai v1.9.5/go.mod h1:lj5b/K+zjTSFxVLijLSTDZuP7adOgerWeFyZLUhAKRg=
golang.org/x/sync v0.3.0 h1:ftCYgMx6zT/asHUrPw8BLLscYtGznsLAnjq5RH9P66E=
golang.org/x/sync v0.3.0/go.mod h1:FU7BRWz2tNW+3quACPkgCx/L+uEAv1htQ0V83Z9Rj+Y=
